
Microsoft Visual Studio Solution File, Format Version 12.00
# Visual Studio Version 16
VisualStudioVersion = 16.0.30711.63
MinimumVisualStudioVersion = 10.0.40219.1
Project("{FAE04EC0-301F-11D3-BF4B-00C04F79EFBC}") = "Bartolini.Liam.4H.DataGiorno", "Bartolini.Liam.4H.DataGiorno.csproj", "{A003812A-7209-4B00-B51D-0E95A42E57C6}"
EndProject
Global
	GlobalSection(SolutionConfigurationPlatforms) = preSolution
		Debug|Any CPU = Debug|Any CPU
		Release|Any CPU = Release|Any CPU
	EndGlobalSection
	GlobalSection(ProjectConfigurationPlatforms) = postSolution
		{A003812A-7209-4B00-B51D-0E95A42E57C6}.Debug|Any CPU.ActiveCfg = Debug|Any CPU
		{A003812A-7209-4B00-B51D-0E95A42E57C6}.Debug|Any CPU.Build.0 = Debug|Any CPU
		{A003812A-7209-4B00-B51D-0E95A42E57C6}.Release|Any CPU.ActiveCfg = Release|Any CPU
		{A003812A-7209-4B00-B51D-0E95A42E57C6}.Release|Any CPU.Build.0 = Release|Any CPU
	EndGlobalSection
	GlobalSection(SolutionProperties) = preSolution
		HideSolutionNode = FALSE
	EndGlobalSection
	GlobalSection(ExtensibilityGlobals) = postSolution
		SolutionGuid = {D7F94977-167A-4C52-A3A4-4EEBCB186E38}
	EndGlobalSection
EndGlobal
